{
  "requires": true,
  "lockfileVersion": 1,
  "dependencies": {
    "dequal": {
      "version": "2.0.2",
      "resolved": "https://registry.npmjs.org/dequal/-/dequal-2.0.2.tgz",
      "integrity": "sha512-q9K8BlJVxK7hQYqa6XISGmBZbtQQWVXSrRrWreHC94rMt1QL/Impruc+7p2CYSYuVIUr+YCt6hjrs1kkdJRTug=="
    },
    "swr": {
      "version": "0.3.9",
      "resolved": "https://registry.npmjs.org/swr/-/swr-0.3.9.tgz",
      "integrity": "sha512-lyN4SjBzpoW4+v3ebT7JUtpzf9XyzrFwXIFv+E8ZblvMa5enSNaUBs4EPkL8gGA/GDMLngEmB53o5LaNboAPfg==",
      "requires": {
        "dequal": "2.0.2"
      }
    }
  }
}
